{
    "_readme": [
        "This file locks the dependencies of your project to a known state",
        "Read more about it at https://getcomposer.org/doc/01-basic-usage.md#installing-dependencies",
        "This file is @generated automatically"
    ],
    "content-hash": "18f788a7394583b780ea7e8b7f39f7f5",
    "packages": [],
    "packages-dev": [],
    "aliases": [],
    "minimum-stability": "stable",
    "stability-flags": {},
    "prefer-stable": false,
    "prefer-lowest": false,
    "platform": {
        "ext-bcmath": "*",
        "ext-curl": "*",
        "ext-iconv": "*",
        "ext-intl": "*",
        "ext-mbstring": "*",
        "ext-pdo_pgsql": "*",
        "ext-simplexml": "*",
        "ext-zip": "*"
    },
    "platform-dev": {},
    "plugin-api-version": "2.6.0"
}
